
Microsoft Visual Studio Solution File, Format Version 12.00
# Visual Studio Version 17
VisualStudioVersion = 17.7.34003.232
MinimumVisualStudioVersion = 10.0.40219.1
Project("{9A19103F-16F7-4668-BE54-9A1E7A4F7556}") = "Store", "Store\Store.csproj", "{2F568A3A-93BB-4F01-97CA-0C0F16BCAB9B}"
	ProjectSection(ProjectDependencies) = postProject
		{8706B1AC-9786-43F3-87CB-24FA4E8394CF} = {8706B1AC-9786-43F3-87CB-24FA4E8394CF}
		{97DC3859-CF63-4645-9362-95179C869496} = {97DC3859-CF63-4645-9362-95179C869496}
	EndProjectSection
EndProject
Project("{9A19103F-16F7-4668-BE54-9A1E7A4F7556}") = "Store.Db", "Store.BD\Store.Db.csproj", "{97DC3859-CF63-4645-9362-95179C869496}"
EndProject
Project("{9A19103F-16F7-4668-BE54-9A1E7A4F7556}") = "Store.Services", "Store.Services\Store.Services.csproj", "{8706B1AC-9786-43F3-87CB-24FA4E8394CF}"
EndProject
Global
	GlobalSection(SolutionConfigurationPlatforms) = preSolution
		Debug|Any CPU = Debug|Any CPU
		Release|Any CPU = Release|Any CPU
	EndGlobalSection
	GlobalSection(ProjectConfigurationPlatforms) = postSolution
		{2F568A3A-93BB-4F01-97CA-0C0F16BCAB9B}.Debug|Any CPU.ActiveCfg = Debug|Any CPU
		{2F568A3A-93BB-4F01-97CA-0C0F16BCAB9B}.Debug|Any CPU.Build.0 = Debug|Any CPU
		{2F568A3A-93BB-4F01-97CA-0C0F16BCAB9B}.Release|Any CPU.ActiveCfg = Release|Any CPU
		{2F568A3A-93BB-4F01-97CA-0C0F16BCAB9B}.Release|Any CPU.Build.0 = Release|Any CPU
		{97DC3859-CF63-4645-9362-95179C869496}.Debug|Any CPU.ActiveCfg = Debug|Any CPU
		{97DC3859-CF63-4645-9362-95179C869496}.Debug|Any CPU.Build.0 = Debug|Any CPU
		{97DC3859-CF63-4645-9362-95179C869496}.Release|Any CPU.ActiveCfg = Release|Any CPU
		{97DC3859-CF63-4645-9362-95179C869496}.Release|Any CPU.Build.0 = Release|Any CPU
		{8706B1AC-9786-43F3-87CB-24FA4E8394CF}.Debug|Any CPU.ActiveCfg = Debug|Any CPU
		{8706B1AC-9786-43F3-87CB-24FA4E8394CF}.Debug|Any CPU.Build.0 = Debug|Any CPU
		{8706B1AC-9786-43F3-87CB-24FA4E8394CF}.Release|Any CPU.ActiveCfg = Release|Any CPU
		{8706B1AC-9786-43F3-87CB-24FA4E8394CF}.Release|Any CPU.Build.0 = Release|Any CPU
	EndGlobalSection
	GlobalSection(SolutionProperties) = preSolution
		HideSolutionNode = FALSE
	EndGlobalSection
	GlobalSection(ExtensibilityGlobals) = postSolution
		SolutionGuid = {2CBB4056-2487-4A3A-ADF6-DCBCB02FCB88}
	EndGlobalSection
EndGlobal
